
Microsoft Visual Studio Solution File, Format Version 12.00
# Visual Studio Version 17
VisualStudioVersion = 17.9.34728.123
MinimumVisualStudioVersion = 10.0.40219.1
Project("{FAE04EC0-301F-11D3-BF4B-00C04F79EFBC}") = "Bot.Discord.Jailor", "Bot.Discord.Jailor\Bot.Discord.Jailor.csproj", "{21F46C3C-1223-47A1-98CB-B3F6D2D2F6F3}"
EndProject
Global
	GlobalSection(SolutionConfigurationPlatforms) = preSolution
		Debug|Any CPU = Debug|Any CPU
		Release|Any CPU = Release|Any CPU
	EndGlobalSection
	GlobalSection(ProjectConfigurationPlatforms) = postSolution
		{21F46C3C-1223-47A1-98CB-B3F6D2D2F6F3}.Debug|Any CPU.ActiveCfg = Debug|Any CPU
		{21F46C3C-1223-47A1-98CB-B3F6D2D2F6F3}.Debug|Any CPU.Build.0 = Debug|Any CPU
		{21F46C3C-1223-47A1-98CB-B3F6D2D2F6F3}.Release|Any CPU.ActiveCfg = Release|Any CPU
		{21F46C3C-1223-47A1-98CB-B3F6D2D2F6F3}.Release|Any CPU.Build.0 = Release|Any CPU
	EndGlobalSection
	GlobalSection(SolutionProperties) = preSolution
		HideSolutionNode = FALSE
	EndGlobalSection
	GlobalSection(ExtensibilityGlobals) = postSolution
		SolutionGuid = {146BCEFE-10A4-4B2B-B729-C5C6416F62D7}
	EndGlobalSection
EndGlobal
